// !$*UTF8*$!
{
	archiveVersion = 1;
	classes = {
	};
	objectVersion = 46;
	objects = {

/* Begin PBXBuildFile section */
		365BD5921E9CDC77007D9170 /* NSNumber+ToString.m in Sources */ = {isa = PBXBuildFile; fileRef = 365BD57D1E9CDC77007D9170 /* NSNumber+ToString.m */; };
		365BD5931E9CDC78007D9170 /* NSObject+Encode.m in Sources */ = {isa = PBXBuildFile; fileRef = 365BD57F1E9CDC77007D9170 /* NSObject+Encode.m */; };
		365BD5941E9CDC78007D9170 /* NSString+MD5Addition.m in Sources */ = {isa = PBXBuildFile; fileRef = 365BD5811E9CDC77007D9170 /* NSString+MD5Addition.m */; };
		365BD5951E9CDC78007D9170 /* NSTimer+BlocksSupport.m in Sources */ = {isa = PBXBuildFile; fileRef = 365BD5831E9CDC77007D9170 /* NSTimer+BlocksSupport.m */; };
		365BD5961E9CDC78007D9170 /* UIColor+Expand.m in Sources */ = {isa = PBXBuildFile; fileRef = 365BD5851E9CDC77007D9170 /* UIColor+Expand.m */; };
		365BD5971E9CDC78007D9170 /* UIImage+WBGif.m in Sources */ = {isa = PBXBuildFile; fileRef = 365BD5871E9CDC77007D9170 /* UIImage+WBGif.m */; };
		365BD5981E9CDC78007D9170 /* UIImageView+DrawCircleImage.m in Sources */ = {isa = PBXBuildFile; fileRef = 365BD5891E9CDC77007D9170 /* UIImageView+DrawCircleImage.m */; };
		365BD5991E9CDC78007D9170 /* UILabel+Attributed.m in Sources */ = {isa = PBXBuildFile; fileRef = 365BD58B1E9CDC77007D9170 /* UILabel+Attributed.m */; };
		365BD59A1E9CDC78007D9170 /* UIScrollView+Touch.m in Sources */ = {isa = PBXBuildFile; fileRef = 365BD58D1E9CDC77007D9170 /* UIScrollView+Touch.m */; };
		365BD59B1E9CDC78007D9170 /* UIView+Extra.m in Sources */ = {isa = PBXBuildFile; fileRef = 365BD58F1E9CDC77007D9170 /* UIView+Extra.m */; };
		365BD59C1E9CDC78007D9170 /* UIWebView+CustomLoad.m in Sources */ = {isa = PBXBuildFile; fileRef = 365BD5911E9CDC77007D9170 /* UIWebView+CustomLoad.m */; };
		365BD5A01E9CE457007D9170 /* wbtest.m in Sources */ = {isa = PBXBuildFile; fileRef = 365BD59F1E9CE457007D9170 /* wbtest.m */; };
/* End PBXBuildFile section */

/* Begin PBXCopyFilesBuildPhase section */
		369501A51E8222B600F0962E /* CopyFiles */ = {
			isa = PBXCopyFilesBuildPhase;
			buildActionMask = 2147483647;
			dstPath = "include/$(PRODUCT_NAME)";
			dstSubfolderSpec = 16;
			files = (
			);
			runOnlyForDeploymentPostprocessing = 0;
		};
/* End PBXCopyFilesBuildPhase section */

/* Begin PBXFileReference section */
		365BD57C1E9CDC77007D9170 /* NSNumber+ToString.h */ = {isa = PBXFileReference; fileEncoding = 4; lastKnownFileType = sourcecode.c.h; path = "NSNumber+ToString.h"; sourceTree = "<group>"; };
		365BD57D1E9CDC77007D9170 /* NSNumber+ToString.m */ = {isa = PBXFileReference; fileEncoding = 4; lastKnownFileType = sourcecode.c.objc; path = "NSNumber+ToString.m"; sourceTree = "<group>"; };
		365BD57E1E9CDC77007D9170 /* NSObject+Encode.h */ = {isa = PBXFileReference; fileEncoding = 4; lastKnownFileType = sourcecode.c.h; path = "NSObject+Encode.h"; sourceTree = "<group>"; };
		365BD57F1E9CDC77007D9170 /* NSObject+Encode.m */ = {isa = PBXFileReference; fileEncoding = 4; lastKnownFileType = sourcecode.c.objc; path = "NSObject+Encode.m"; sourceTree = "<group>"; };
		365BD5801E9CDC77007D9170 /* NSString+MD5Addition.h */ = {isa = PBXFileReference; fileEncoding = 4; lastKnownFileType = sourcecode.c.h; path = "NSString+MD5Addition.h"; sourceTree = "<group>"; };
		365BD5811E9CDC77007D9170 /* NSString+MD5Addition.m */ = {isa = PBXFileReference; fileEncoding = 4; lastKnownFileType = sourcecode.c.objc; path = "NSString+MD5Addition.m"; sourceTree = "<group>"; };
		365BD5821E9CDC77007D9170 /* NSTimer+BlocksSupport.h */ = {isa = PBXFileReference; fileEncoding = 4; lastKnownFileType = sourcecode.c.h; path = "NSTimer+BlocksSupport.h"; sourceTree = "<group>"; };
		365BD5831E9CDC77007D9170 /* NSTimer+BlocksSupport.m */ = {isa = PBXFileReference; fileEncoding = 4; lastKnownFileType = sourcecode.c.objc; path = "NSTimer+BlocksSupport.m"; sourceTree = "<group>"; };
		365BD5841E9CDC77007D9170 /* UIColor+Expand.h */ = {isa = PBXFileReference; fileEncoding = 4; lastKnownFileType = sourcecode.c.h; path = "UIColor+Expand.h"; sourceTree = "<group>"; };
		365BD5851E9CDC77007D9170 /* UIColor+Expand.m */ = {isa = PBXFileReference; fileEncoding = 4; lastKnownFileType = sourcecode.c.objc; path = "UIColor+Expand.m"; sourceTree = "<group>"; };
		365BD5861E9CDC77007D9170 /* UIImage+WBGif.h */ = {isa = PBXFileReference; fileEncoding = 4; lastKnownFileType = sourcecode.c.h; path = "UIImage+WBGif.h"; sourceTree = "<group>"; };
		365BD5871E9CDC77007D9170 /* UIImage+WBGif.m */ = {isa = PBXFileReference; fileEncoding = 4; lastKnownFileType = sourcecode.c.objc; path = "UIImage+WBGif.m"; sourceTree = "<group>"; };
		365BD5881E9CDC77007D9170 /* UIImageView+DrawCircleImage.h */ = {isa = PBXFileReference; fileEncoding = 4; lastKnownFileType = sourcecode.c.h; path = "UIImageView+DrawCircleImage.h"; sourceTree = "<group>"; };
		365BD5891E9CDC77007D9170 /* UIImageView+DrawCircleImage.m */ = {isa = PBXFileReference; fileEncoding = 4; lastKnownFileType = sourcecode.c.objc; path = "UIImageView+DrawCircleImage.m"; sourceTree = "<group>"; };
		365BD58A1E9CDC77007D9170 /* UILabel+Attributed.h */ = {isa = PBXFileReference; fileEncoding = 4; lastKnownFileType = sourcecode.c.h; path = "UILabel+Attributed.h"; sourceTree = "<group>"; };
		365BD58B1E9CDC77007D9170 /* UILabel+Attributed.m */ = {isa = PBXFileReference; fileEncoding = 4; lastKnownFileType = sourcecode.c.objc; path = "UILabel+Attributed.m"; sourceTree = "<group>"; };
		365BD58C1E9CDC77007D9170 /* UIScrollView+Touch.h */ = {isa = PBXFileReference; fileEncoding = 4; lastKnownFileType = sourcecode.c.h; path = "UIScrollView+Touch.h"; sourceTree = "<group>"; };
		365BD58D1E9CDC77007D9170 /* UIScrollView+Touch.m */ = {isa = PBXFileReference; fileEncoding = 4; lastKnownFileType = sourcecode.c.objc; path = "UIScrollView+Touch.m"; sourceTree = "<group>"; };
		365BD58E1E9CDC77007D9170 /* UIView+Extra.h */ = {isa = PBXFileReference; fileEncoding = 4; lastKnownFileType = sourcecode.c.h; path = "UIView+Extra.h"; sourceTree = "<group>"; };
		365BD58F1E9CDC77007D9170 /* UIView+Extra.m */ = {isa = PBXFileReference; fileEncoding = 4; lastKnownFileType = sourcecode.c.objc; path = "UIView+Extra.m"; sourceTree = "<group>"; };
		365BD5901E9CDC77007D9170 /* UIWebView+CustomLoad.h */ = {isa = PBXFileReference; fileEncoding = 4; lastKnownFileType = sourcecode.c.h; path = "UIWebView+CustomLoad.h"; sourceTree = "<group>"; };
		365BD5911E9CDC77007D9170 /* UIWebView+CustomLoad.m */ = {isa = PBXFileReference; fileEncoding = 4; lastKnownFileType = sourcecode.c.objc; path = "UIWebView+CustomLoad.m"; sourceTree = "<group>"; };
		365BD59E1E9CE457007D9170 /* wbtest.h */ = {isa = PBXFileReference; fileEncoding = 4; lastKnownFileType = sourcecode.c.h; path = wbtest.h; sourceTree = "<group>"; };
		365BD59F1E9CE457007D9170 /* wbtest.m */ = {isa = PBXFileReference; fileEncoding = 4; lastKnownFileType = sourcecode.c.objc; path = wbtest.m; sourceTree = "<group>"; };
		369501A71E8222B600F0962E /* libTools.a */ = {isa = PBXFileReference; explicitFileType = archive.ar; includeInIndex = 0; path = libTools.a; sourceTree = BUILT_PRODUCTS_DIR; };
/* End PBXFileReference section */

/* Begin PBXFrameworksBuildPhase section */
		369501A41E8222B600F0962E /* Frameworks */ = {
			isa = PBXFrameworksBuildPhase;
			buildActionMask = 2147483647;
			files = (
			);
			runOnlyForDeploymentPostprocessing = 0;
		};
/* End PBXFrameworksBuildPhase section */

/* Begin PBXGroup section */
		365BD57B1E9CDC77007D9170 /* wb_category */ = {
			isa = PBXGroup;
			children = (
				365BD57C1E9CDC77007D9170 /* NSNumber+ToString.h */,
				365BD57D1E9CDC77007D9170 /* NSNumber+ToString.m */,
				365BD57E1E9CDC77007D9170 /* NSObject+Encode.h */,
				365BD57F1E9CDC77007D9170 /* NSObject+Encode.m */,
				365BD5801E9CDC77007D9170 /* NSString+MD5Addition.h */,
				365BD5811E9CDC77007D9170 /* NSString+MD5Addition.m */,
				365BD5821E9CDC77007D9170 /* NSTimer+BlocksSupport.h */,
				365BD5831E9CDC77007D9170 /* NSTimer+BlocksSupport.m */,
				365BD5841E9CDC77007D9170 /* UIColor+Expand.h */,
				365BD5851E9CDC77007D9170 /* UIColor+Expand.m */,
				365BD5861E9CDC77007D9170 /* UIImage+WBGif.h */,
				365BD5871E9CDC77007D9170 /* UIImage+WBGif.m */,
				365BD5881E9CDC77007D9170 /* UIImageView+DrawCircleImage.h */,
				365BD5891E9CDC77007D9170 /* UIImageView+DrawCircleImage.m */,
				365BD58A1E9CDC77007D9170 /* UILabel+Attributed.h */,
				365BD58B1E9CDC77007D9170 /* UILabel+Attributed.m */,
				365BD58C1E9CDC77007D9170 /* UIScrollView+Touch.h */,
				365BD58D1E9CDC77007D9170 /* UIScrollView+Touch.m */,
				365BD58E1E9CDC77007D9170 /* UIView+Extra.h */,
				365BD58F1E9CDC77007D9170 /* UIView+Extra.m */,
				365BD5901E9CDC77007D9170 /* UIWebView+CustomLoad.h */,
				365BD5911E9CDC77007D9170 /* UIWebView+CustomLoad.m */,
			);
			path = wb_category;
			sourceTree = "<group>";
		};
		365BD59D1E9CE447007D9170 /* wb_test */ = {
			isa = PBXGroup;
			children = (
				365BD59E1E9CE457007D9170 /* wbtest.h */,
				365BD59F1E9CE457007D9170 /* wbtest.m */,
			);
			path = wb_test;
			sourceTree = "<group>";
		};
		3695019E1E8222B600F0962E = {
			isa = PBXGroup;
			children = (
				365BD59D1E9CE447007D9170 /* wb_test */,
				365BD57B1E9CDC77007D9170 /* wb_category */,
				369501A81E8222B600F0962E /* Products */,
			);
			sourceTree = "<group>";
		};
		369501A81E8222B600F0962E /* Products */ = {
			isa = PBXGroup;
			children = (
				369501A71E8222B600F0962E /* libTools.a */,
			);
			name = Products;
			sourceTree = "<group>";
		};
/* End PBXGroup section */

/* Begin PBXNativeTarget section */
		369501A61E8222B600F0962E /* Tools */ = {
			isa = PBXNativeTarget;
			buildConfigurationList = 369501B01E8222B600F0962E /* Build configuration list for PBXNativeTarget "Tools" */;
			buildPhases = (
				369501A31E8222B600F0962E /* Sources */,
				369501A41E8222B600F0962E /* Frameworks */,
				369501A51E8222B600F0962E /* CopyFiles */,
			);
			buildRules = (
			);
			dependencies = (
			);
			name = Tools;
			productName = Tools;
			productReference = 369501A71E8222B600F0962E /* libTools.a */;
			productType = "com.apple.product-type.library.static";
		};
/* End PBXNativeTarget section */

/* Begin PBXProject section */
		3695019F1E8222B600F0962E /* Project object */ = {
			isa = PBXProject;
			attributes = {
				LastUpgradeCheck = 0820;
				ORGANIZATIONNAME = beautyWang;
				TargetAttributes = {
					369501A61E8222B600F0962E = {
						CreatedOnToolsVersion = 8.2;
						ProvisioningStyle = Automatic;
					};
				};
			};
			buildConfigurationList = 369501A21E8222B600F0962E /* Build configuration list for PBXProject "Tools" */;
			compatibilityVersion = "Xcode 3.2";
			developmentRegion = English;
			hasScannedForEncodings = 0;
			knownRegions = (
				en,
			);
			mainGroup = 3695019E1E8222B600F0962E;
			productRefGroup = 369501A81E8222B600F0962E /* Products */;
			projectDirPath = "";
			projectRoot = "";
			targets = (
				369501A61E8222B600F0962E /* Tools */,
			);
		};
/* End PBXProject section */

/* Begin PBXSourcesBuildPhase section */
		369501A31E8222B600F0962E /* Sources */ = {
			isa = PBXSourcesBuildPhase;
			buildActionMask = 2147483647;
			files = (
				365BD5A01E9CE457007D9170 /* wbtest.m in Sources */,
				365BD5991E9CDC78007D9170 /* UILabel+Attributed.m in Sources */,
				365BD5961E9CDC78007D9170 /* UIColor+Expand.m in Sources */,
				365BD5921E9CDC77007D9170 /* NSNumber+ToString.m in Sources */,
				365BD59B1E9CDC78007D9170 /* UIView+Extra.m in Sources */,
				365BD5981E9CDC78007D9170 /* UIImageView+DrawCircleImage.m in Sources */,
				365BD5941E9CDC78007D9170 /* NSString+MD5Addition.m in Sources */,
				365BD5951E9CDC78007D9170 /* NSTimer+BlocksSupport.m in Sources */,
				365BD5931E9CDC78007D9170 /* NSObject+Encode.m in Sources */,
				365BD5971E9CDC78007D9170 /* UIImage+WBGif.m in Sources */,
				365BD59A1E9CDC78007D9170 /* UIScrollView+Touch.m in Sources */,
				365BD59C1E9CDC78007D9170 /* UIWebView+CustomLoad.m in Sources */,
			);
			runOnlyForDeploymentPostprocessing = 0;
		};
/* End PBXSourcesBuildPhase section */

/* Begin XCBuildConfiguration section */
		369501AE1E8222B600F0962E /* Debug */ = {
			isa = XCBuildConfiguration;
			buildSettings = {
				ALWAYS_SEARCH_USER_PATHS = NO;
				CLANG_ANALYZER_NONNULL = YES;
				CLANG_CXX_LANGUAGE_STANDARD = "gnu++0x";
				CLANG_CXX_LIBRARY = "libc++";
				CLANG_ENABLE_MODULES = YES;
				CLANG_ENABLE_OBJC_ARC = YES;
				CLANG_WARN_BOOL_CONVERSION = YES;
				CLANG_WARN_CONSTANT_CONVERSION = YES;
				CLANG_WARN_DIRECT_OBJC_ISA_USAGE = YES_ERROR;
				CLANG_WARN_DOCUMENTATION_COMMENTS = YES;
				CLANG_WARN_EMPTY_BODY = YES;
				CLANG_WARN_ENUM_CONVERSION = YES;
				CLANG_WARN_INFINITE_RECURSION = YES;
				CLANG_WARN_INT_CONVERSION = YES;
				CLANG_WARN_OBJC_ROOT_CLASS = YES_ERROR;
				CLANG_WARN_SUSPICIOUS_MOVE = YES;
				CLANG_WARN_UNREACHABLE_CODE = YES;
				CLANG_WARN__DUPLICATE_METHOD_MATCH = YES;
				"CODE_SIGN_IDENTITY[sdk=iphoneos*]" = "iPhone Developer";
				COPY_PHASE_STRIP = NO;
				DEBUG_INFORMATION_FORMAT = dwarf;
				ENABLE_STRICT_OBJC_MSGSEND = YES;
				ENABLE_TESTABILITY = YES;
				GCC_C_LANGUAGE_STANDARD = gnu99;
				GCC_DYNAMIC_NO_PIC = NO;
				GCC_NO_COMMON_BLOCKS = YES;
				GCC_OPTIMIZATION_LEVEL = 0;
				GCC_PREPROCESSOR_DEFINITIONS = (
					"DEBUG=1",
					"$(inherited)",
				);
				GCC_WARN_64_TO_32_BIT_CONVERSION = YES;
				GCC_WARN_ABOUT_RETURN_TYPE = YES_ERROR;
				GCC_WARN_UNDECLARED_SELECTOR = YES;
				GCC_WARN_UNINITIALIZED_AUTOS = YES_AGGRESSIVE;
				GCC_WARN_UNUSED_FUNCTION = YES;
				GCC_WARN_UNUSED_VARIABLE = YES;
				IPHONEOS_DEPLOYMENT_TARGET = 10.2;
				MTL_ENABLE_DEBUG_INFO = YES;
				ONLY_ACTIVE_ARCH = YES;
				SDKROOT = iphoneos;
			};
			name = Debug;
		};
		369501AF1E8222B600F0962E /* Release */ = {
			isa = XCBuildConfiguration;
			buildSettings = {
				ALWAYS_SEARCH_USER_PATHS = NO;
				CLANG_ANALYZER_NONNULL = YES;
				CLANG_CXX_LANGUAGE_STANDARD = "gnu++0x";
				CLANG_CXX_LIBRARY = "libc++";
				CLANG_ENABLE_MODULES = YES;
				CLANG_ENABLE_OBJC_ARC = YES;
				CLANG_WARN_BOOL_CONVERSION = YES;
				CLANG_WARN_CONSTANT_CONVERSION = YES;
				CLANG_WARN_DIRECT_OBJC_ISA_USAGE = YES_ERROR;
				CLANG_WARN_DOCUMENTATION_COMMENTS = YES;
				CLANG_WARN_EMPTY_BODY = YES;
				CLANG_WARN_ENUM_CONVERSION = YES;
				CLANG_WARN_INFINITE_RECURSION = YES;
				CLANG_WARN_INT_CONVERSION = YES;
				CLANG_WARN_OBJC_ROOT_CLASS = YES_ERROR;
				CLANG_WARN_SUSPICIOUS_MOVE = YES;
				CLANG_WARN_UNREACHABLE_CODE = YES;
				CLANG_WARN__DUPLICATE_METHOD_MATCH = YES;
				"CODE_SIGN_IDENTITY[sdk=iphoneos*]" = "iPhone Developer";
				COPY_PHASE_STRIP = NO;
				DEBUG_INFORMATION_FORMAT = "dwarf-with-dsym";
				ENABLE_NS_ASSERTIONS = NO;
				ENABLE_STRICT_OBJC_MSGSEND = YES;
				GCC_C_LANGUAGE_STANDARD = gnu99;
				GCC_NO_COMMON_BLOCKS = YES;
				GCC_WARN_64_TO_32_BIT_CONVERSION = YES;
				GCC_WARN_ABOUT_RETURN_TYPE = YES_ERROR;
				GCC_WARN_UNDECLARED_SELECTOR = YES;
				GCC_WARN_UNINITIALIZED_AUTOS = YES_AGGRESSIVE;
				GCC_WARN_UNUSED_FUNCTION = YES;
				GCC_WARN_UNUSED_VARIABLE = YES;
				IPHONEOS_DEPLOYMENT_TARGET = 10.2;
				MTL_ENABLE_DEBUG_INFO = NO;
				SDKROOT = iphoneos;
				VALIDATE_PRODUCT = YES;
			};
			name = Release;
		};
		369501B11E8222B600F0962E /* Debug */ = {
			isa = XCBuildConfiguration;
			buildSettings = {
				OTHER_LDFLAGS = "-ObjC";
				PRODUCT_NAME = "$(TARGET_NAME)";
				SKIP_INSTALL = YES;
			};
			name = Debug;
		};
		369501B21E8222B600F0962E /* Release */ = {
			isa = XCBuildConfiguration;
			buildSettings = {
				OTHER_LDFLAGS = "-ObjC";
				PRODUCT_NAME = "$(TARGET_NAME)";
				SKIP_INSTALL = YES;
			};
			name = Release;
		};
/* End XCBuildConfiguration section */

/* Begin XCConfigurationList section */
		369501A21E8222B600F0962E /* Build configuration list for PBXProject "Tools" */ = {
			isa = XCConfigurationList;
			buildConfigurations = (
				369501AE1E8222B600F0962E /* Debug */,
				369501AF1E8222B600F0962E /* Release */,
			);
			defaultConfigurationIsVisible = 0;
			defaultConfigurationName = Release;
		};
		369501B01E8222B600F0962E /* Build configuration list for PBXNativeTarget "Tools" */ = {
			isa = XCConfigurationList;
			buildConfigurations = (
				369501B11E8222B600F0962E /* Debug */,
				369501B21E8222B600F0962E /* Release */,
			);
			defaultConfigurationIsVisible = 0;
			defaultConfigurationName = Release;
		};
/* End XCConfigurationList section */
	};
	rootObject = 3695019F1E8222B600F0962E /* Project object */;
}
