// !$*UTF8*$!
{
	archiveVersion = 1;
	classes = {
	};
	objectVersion = 46;
	objects = {

/* Begin PBXBuildFile section */
		369501FD1E824BD100F0962E /* NSNumber+ToString.m in Sources */ = {isa = PBXBuildFile; fileRef = 369501D61E824BD100F0962E /* NSNumber+ToString.m */; };
		369501FE1E824BD100F0962E /* NSString+MD5Addition.m in Sources */ = {isa = PBXBuildFile; fileRef = 369501D81E824BD100F0962E /* NSString+MD5Addition.m */; };
		369501FF1E824BD100F0962E /* NSTimer+BlocksSupport.m in Sources */ = {isa = PBXBuildFile; fileRef = 369501DA1E824BD100F0962E /* NSTimer+BlocksSupport.m */; };
		369502011E824BD100F0962E /* UIColor+Expand.m in Sources */ = {isa = PBXBuildFile; fileRef = 369501DE1E824BD100F0962E /* UIColor+Expand.m */; };
		369502021E824BD100F0962E /* UIImage+WBGif.m in Sources */ = {isa = PBXBuildFile; fileRef = 369501E01E824BD100F0962E /* UIImage+WBGif.m */; };
		369502031E824BD100F0962E /* UIImageView+DrawCircleImage.m in Sources */ = {isa = PBXBuildFile; fileRef = 369501E21E824BD100F0962E /* UIImageView+DrawCircleImage.m */; };
		369502041E824BD100F0962E /* UILabel+Attributed.m in Sources */ = {isa = PBXBuildFile; fileRef = 369501E41E824BD100F0962E /* UILabel+Attributed.m */; };
		369502051E824BD100F0962E /* UIScrollView+Touch.m in Sources */ = {isa = PBXBuildFile; fileRef = 369501E61E824BD100F0962E /* UIScrollView+Touch.m */; };
		369502061E824BD100F0962E /* UIView+Extra.m in Sources */ = {isa = PBXBuildFile; fileRef = 369501E81E824BD100F0962E /* UIView+Extra.m */; };
		369502071E824BD100F0962E /* UIWebView+CustomLoad.m in Sources */ = {isa = PBXBuildFile; fileRef = 369501EA1E824BD100F0962E /* UIWebView+CustomLoad.m */; };
		369502181E827DCF00F0962E /* NSObject+Encode.m in Sources */ = {isa = PBXBuildFile; fileRef = 369502171E827DCF00F0962E /* NSObject+Encode.m */; };
/* End PBXBuildFile section */

/* Begin PBXCopyFilesBuildPhase section */
		369501A51E8222B600F0962E /* CopyFiles */ = {
			isa = PBXCopyFilesBuildPhase;
			buildActionMask = 2147483647;
			dstPath = "include/$(PRODUCT_NAME)";
			dstSubfolderSpec = 16;
			files = (
			);
			runOnlyForDeploymentPostprocessing = 0;
		};
/* End PBXCopyFilesBuildPhase section */

/* Begin PBXFileReference section */
		369501A71E8222B600F0962E /* libTools.a */ = {isa = PBXFileReference; explicitFileType = archive.ar; includeInIndex = 0; path = libTools.a; sourceTree = BUILT_PRODUCTS_DIR; };
		369501D51E824BD100F0962E /* NSNumber+ToString.h */ = {isa = PBXFileReference; fileEncoding = 4; lastKnownFileType = sourcecode.c.h; path = "NSNumber+ToString.h"; sourceTree = "<group>"; };
		369501D61E824BD100F0962E /* NSNumber+ToString.m */ = {isa = PBXFileReference; fileEncoding = 4; lastKnownFileType = sourcecode.c.objc; path = "NSNumber+ToString.m"; sourceTree = "<group>"; };
		369501D71E824BD100F0962E /* NSString+MD5Addition.h */ = {isa = PBXFileReference; fileEncoding = 4; lastKnownFileType = sourcecode.c.h; path = "NSString+MD5Addition.h"; sourceTree = "<group>"; };
		369501D81E824BD100F0962E /* NSString+MD5Addition.m */ = {isa = PBXFileReference; fileEncoding = 4; lastKnownFileType = sourcecode.c.objc; path = "NSString+MD5Addition.m"; sourceTree = "<group>"; };
		369501D91E824BD100F0962E /* NSTimer+BlocksSupport.h */ = {isa = PBXFileReference; fileEncoding = 4; lastKnownFileType = sourcecode.c.h; path = "NSTimer+BlocksSupport.h"; sourceTree = "<group>"; };
		369501DA1E824BD100F0962E /* NSTimer+BlocksSupport.m */ = {isa = PBXFileReference; fileEncoding = 4; lastKnownFileType = sourcecode.c.objc; path = "NSTimer+BlocksSupport.m"; sourceTree = "<group>"; };
		369501DD1E824BD100F0962E /* UIColor+Expand.h */ = {isa = PBXFileReference; fileEncoding = 4; lastKnownFileType = sourcecode.c.h; path = "UIColor+Expand.h"; sourceTree = "<group>"; };
		369501DE1E824BD100F0962E /* UIColor+Expand.m */ = {isa = PBXFileReference; fileEncoding = 4; lastKnownFileType = sourcecode.c.objc; path = "UIColor+Expand.m"; sourceTree = "<group>"; };
		369501DF1E824BD100F0962E /* UIImage+WBGif.h */ = {isa = PBXFileReference; fileEncoding = 4; lastKnownFileType = sourcecode.c.h; path = "UIImage+WBGif.h"; sourceTree = "<group>"; };
		369501E01E824BD100F0962E /* UIImage+WBGif.m */ = {isa = PBXFileReference; fileEncoding = 4; lastKnownFileType = sourcecode.c.objc; path = "UIImage+WBGif.m"; sourceTree = "<group>"; };
		369501E11E824BD100F0962E /* UIImageView+DrawCircleImage.h */ = {isa = PBXFileReference; fileEncoding = 4; lastKnownFileType = sourcecode.c.h; path = "UIImageView+DrawCircleImage.h"; sourceTree = "<group>"; };
		369501E21E824BD100F0962E /* UIImageView+DrawCircleImage.m */ = {isa = PBXFileReference; fileEncoding = 4; lastKnownFileType = sourcecode.c.objc; path = "UIImageView+DrawCircleImage.m"; sourceTree = "<group>"; };
		369501E31E824BD100F0962E /* UILabel+Attributed.h */ = {isa = PBXFileReference; fileEncoding = 4; lastKnownFileType = sourcecode.c.h; path = "UILabel+Attributed.h"; sourceTree = "<group>"; };
		369501E41E824BD100F0962E /* UILabel+Attributed.m */ = {isa = PBXFileReference; fileEncoding = 4; lastKnownFileType = sourcecode.c.objc; path = "UILabel+Attributed.m"; sourceTree = "<group>"; };
		369501E51E824BD100F0962E /* UIScrollView+Touch.h */ = {isa = PBXFileReference; fileEncoding = 4; lastKnownFileType = sourcecode.c.h; path = "UIScrollView+Touch.h"; sourceTree = "<group>"; };
		369501E61E824BD100F0962E /* UIScrollView+Touch.m */ = {isa = PBXFileReference; fileEncoding = 4; lastKnownFileType = sourcecode.c.objc; path = "UIScrollView+Touch.m"; sourceTree = "<group>"; };
		369501E71E824BD100F0962E /* UIView+Extra.h */ = {isa = PBXFileReference; fileEncoding = 4; lastKnownFileType = sourcecode.c.h; path = "UIView+Extra.h"; sourceTree = "<group>"; };
		369501E81E824BD100F0962E /* UIView+Extra.m */ = {isa = PBXFileReference; fileEncoding = 4; lastKnownFileType = sourcecode.c.objc; path = "UIView+Extra.m"; sourceTree = "<group>"; };
		369501E91E824BD100F0962E /* UIWebView+CustomLoad.h */ = {isa = PBXFileReference; fileEncoding = 4; lastKnownFileType = sourcecode.c.h; path = "UIWebView+CustomLoad.h"; sourceTree = "<group>"; };
		369501EA1E824BD100F0962E /* UIWebView+CustomLoad.m */ = {isa = PBXFileReference; fileEncoding = 4; lastKnownFileType = sourcecode.c.objc; path = "UIWebView+CustomLoad.m"; sourceTree = "<group>"; };
		369502161E827DCF00F0962E /* NSObject+Encode.h */ = {isa = PBXFileReference; fileEncoding = 4; lastKnownFileType = sourcecode.c.h; path = "NSObject+Encode.h"; sourceTree = "<group>"; };
		369502171E827DCF00F0962E /* NSObject+Encode.m */ = {isa = PBXFileReference; fileEncoding = 4; lastKnownFileType = sourcecode.c.objc; path = "NSObject+Encode.m"; sourceTree = "<group>"; };
/* End PBXFileReference section */

/* Begin PBXFrameworksBuildPhase section */
		369501A41E8222B600F0962E /* Frameworks */ = {
			isa = PBXFrameworksBuildPhase;
			buildActionMask = 2147483647;
			files = (
			);
			runOnlyForDeploymentPostprocessing = 0;
		};
/* End PBXFrameworksBuildPhase section */

/* Begin PBXGroup section */
		3695019E1E8222B600F0962E = {
			isa = PBXGroup;
			children = (
				369501A91E8222B600F0962E /* Tools */,
				369501A81E8222B600F0962E /* Products */,
			);
			sourceTree = "<group>";
		};
		369501A81E8222B600F0962E /* Products */ = {
			isa = PBXGroup;
			children = (
				369501A71E8222B600F0962E /* libTools.a */,
			);
			name = Products;
			sourceTree = "<group>";
		};
		369501A91E8222B600F0962E /* Tools */ = {
			isa = PBXGroup;
			children = (
				369501D41E824BD100F0962E /* toolsCategory */,
			);
			path = Tools;
			sourceTree = "<group>";
		};
		369501D41E824BD100F0962E /* toolsCategory */ = {
			isa = PBXGroup;
			children = (
				369501D51E824BD100F0962E /* NSNumber+ToString.h */,
				369501D61E824BD100F0962E /* NSNumber+ToString.m */,
				369501D71E824BD100F0962E /* NSString+MD5Addition.h */,
				369501D81E824BD100F0962E /* NSString+MD5Addition.m */,
				369501D91E824BD100F0962E /* NSTimer+BlocksSupport.h */,
				369501DA1E824BD100F0962E /* NSTimer+BlocksSupport.m */,
				369501DD1E824BD100F0962E /* UIColor+Expand.h */,
				369501DE1E824BD100F0962E /* UIColor+Expand.m */,
				369501DF1E824BD100F0962E /* UIImage+WBGif.h */,
				369501E01E824BD100F0962E /* UIImage+WBGif.m */,
				369501E11E824BD100F0962E /* UIImageView+DrawCircleImage.h */,
				369501E21E824BD100F0962E /* UIImageView+DrawCircleImage.m */,
				369501E31E824BD100F0962E /* UILabel+Attributed.h */,
				369501E41E824BD100F0962E /* UILabel+Attributed.m */,
				369501E51E824BD100F0962E /* UIScrollView+Touch.h */,
				369501E61E824BD100F0962E /* UIScrollView+Touch.m */,
				369501E71E824BD100F0962E /* UIView+Extra.h */,
				369501E81E824BD100F0962E /* UIView+Extra.m */,
				369501E91E824BD100F0962E /* UIWebView+CustomLoad.h */,
				369501EA1E824BD100F0962E /* UIWebView+CustomLoad.m */,
				369502161E827DCF00F0962E /* NSObject+Encode.h */,
				369502171E827DCF00F0962E /* NSObject+Encode.m */,
			);
			path = toolsCategory;
			sourceTree = "<group>";
		};
/* End PBXGroup section */

/* Begin PBXNativeTarget section */
		369501A61E8222B600F0962E /* Tools */ = {
			isa = PBXNativeTarget;
			buildConfigurationList = 369501B01E8222B600F0962E /* Build configuration list for PBXNativeTarget "Tools" */;
			buildPhases = (
				369501A31E8222B600F0962E /* Sources */,
				369501A41E8222B600F0962E /* Frameworks */,
				369501A51E8222B600F0962E /* CopyFiles */,
			);
			buildRules = (
			);
			dependencies = (
			);
			name = Tools;
			productName = Tools;
			productReference = 369501A71E8222B600F0962E /* libTools.a */;
			productType = "com.apple.product-type.library.static";
		};
/* End PBXNativeTarget section */

/* Begin PBXProject section */
		3695019F1E8222B600F0962E /* Project object */ = {
			isa = PBXProject;
			attributes = {
				LastUpgradeCheck = 0820;
				ORGANIZATIONNAME = beautyWang;
				TargetAttributes = {
					369501A61E8222B600F0962E = {
						CreatedOnToolsVersion = 8.2;
						ProvisioningStyle = Automatic;
					};
				};
			};
			buildConfigurationList = 369501A21E8222B600F0962E /* Build configuration list for PBXProject "Tools" */;
			compatibilityVersion = "Xcode 3.2";
			developmentRegion = English;
			hasScannedForEncodings = 0;
			knownRegions = (
				en,
			);
			mainGroup = 3695019E1E8222B600F0962E;
			productRefGroup = 369501A81E8222B600F0962E /* Products */;
			projectDirPath = "";
			projectRoot = "";
			targets = (
				369501A61E8222B600F0962E /* Tools */,
			);
		};
/* End PBXProject section */

/* Begin PBXSourcesBuildPhase section */
		369501A31E8222B600F0962E /* Sources */ = {
			isa = PBXSourcesBuildPhase;
			buildActionMask = 2147483647;
			files = (
				369502181E827DCF00F0962E /* NSObject+Encode.m in Sources */,
				369502011E824BD100F0962E /* UIColor+Expand.m in Sources */,
				369502071E824BD100F0962E /* UIWebView+CustomLoad.m in Sources */,
				369502031E824BD100F0962E /* UIImageView+DrawCircleImage.m in Sources */,
				369502061E824BD100F0962E /* UIView+Extra.m in Sources */,
				369501FF1E824BD100F0962E /* NSTimer+BlocksSupport.m in Sources */,
				369502041E824BD100F0962E /* UILabel+Attributed.m in Sources */,
				369501FE1E824BD100F0962E /* NSString+MD5Addition.m in Sources */,
				369502021E824BD100F0962E /* UIImage+WBGif.m in Sources */,
				369501FD1E824BD100F0962E /* NSNumber+ToString.m in Sources */,
				369502051E824BD100F0962E /* UIScrollView+Touch.m in Sources */,
			);
			runOnlyForDeploymentPostprocessing = 0;
		};
/* End PBXSourcesBuildPhase section */

/* Begin XCBuildConfiguration section */
		369501AE1E8222B600F0962E /* Debug */ = {
			isa = XCBuildConfiguration;
			buildSettings = {
				ALWAYS_SEARCH_USER_PATHS = NO;
				CLANG_ANALYZER_NONNULL = YES;
				CLANG_CXX_LANGUAGE_STANDARD = "gnu++0x";
				CLANG_CXX_LIBRARY = "libc++";
				CLANG_ENABLE_MODULES = YES;
				CLANG_ENABLE_OBJC_ARC = YES;
				CLANG_WARN_BOOL_CONVERSION = YES;
				CLANG_WARN_CONSTANT_CONVERSION = YES;
				CLANG_WARN_DIRECT_OBJC_ISA_USAGE = YES_ERROR;
				CLANG_WARN_DOCUMENTATION_COMMENTS = YES;
				CLANG_WARN_EMPTY_BODY = YES;
				CLANG_WARN_ENUM_CONVERSION = YES;
				CLANG_WARN_INFINITE_RECURSION = YES;
				CLANG_WARN_INT_CONVERSION = YES;
				CLANG_WARN_OBJC_ROOT_CLASS = YES_ERROR;
				CLANG_WARN_SUSPICIOUS_MOVE = YES;
				CLANG_WARN_UNREACHABLE_CODE = YES;
				CLANG_WARN__DUPLICATE_METHOD_MATCH = YES;
				"CODE_SIGN_IDENTITY[sdk=iphoneos*]" = "iPhone Developer";
				COPY_PHASE_STRIP = NO;
				DEBUG_INFORMATION_FORMAT = dwarf;
				ENABLE_STRICT_OBJC_MSGSEND = YES;
				ENABLE_TESTABILITY = YES;
				GCC_C_LANGUAGE_STANDARD = gnu99;
				GCC_DYNAMIC_NO_PIC = NO;
				GCC_NO_COMMON_BLOCKS = YES;
				GCC_OPTIMIZATION_LEVEL = 0;
				GCC_PREPROCESSOR_DEFINITIONS = (
					"DEBUG=1",
					"$(inherited)",
				);
				GCC_WARN_64_TO_32_BIT_CONVERSION = YES;
				GCC_WARN_ABOUT_RETURN_TYPE = YES_ERROR;
				GCC_WARN_UNDECLARED_SELECTOR = YES;
				GCC_WARN_UNINITIALIZED_AUTOS = YES_AGGRESSIVE;
				GCC_WARN_UNUSED_FUNCTION = YES;
				GCC_WARN_UNUSED_VARIABLE = YES;
				IPHONEOS_DEPLOYMENT_TARGET = 10.2;
				MTL_ENABLE_DEBUG_INFO = YES;
				ONLY_ACTIVE_ARCH = YES;
				SDKROOT = iphoneos;
			};
			name = Debug;
		};
		369501AF1E8222B600F0962E /* Release */ = {
			isa = XCBuildConfiguration;
			buildSettings = {
				ALWAYS_SEARCH_USER_PATHS = NO;
				CLANG_ANALYZER_NONNULL = YES;
				CLANG_CXX_LANGUAGE_STANDARD = "gnu++0x";
				CLANG_CXX_LIBRARY = "libc++";
				CLANG_ENABLE_MODULES = YES;
				CLANG_ENABLE_OBJC_ARC = YES;
				CLANG_WARN_BOOL_CONVERSION = YES;
				CLANG_WARN_CONSTANT_CONVERSION = YES;
				CLANG_WARN_DIRECT_OBJC_ISA_USAGE = YES_ERROR;
				CLANG_WARN_DOCUMENTATION_COMMENTS = YES;
				CLANG_WARN_EMPTY_BODY = YES;
				CLANG_WARN_ENUM_CONVERSION = YES;
				CLANG_WARN_INFINITE_RECURSION = YES;
				CLANG_WARN_INT_CONVERSION = YES;
				CLANG_WARN_OBJC_ROOT_CLASS = YES_ERROR;
				CLANG_WARN_SUSPICIOUS_MOVE = YES;
				CLANG_WARN_UNREACHABLE_CODE = YES;
				CLANG_WARN__DUPLICATE_METHOD_MATCH = YES;
				"CODE_SIGN_IDENTITY[sdk=iphoneos*]" = "iPhone Developer";
				COPY_PHASE_STRIP = NO;
				DEBUG_INFORMATION_FORMAT = "dwarf-with-dsym";
				ENABLE_NS_ASSERTIONS = NO;
				ENABLE_STRICT_OBJC_MSGSEND = YES;
				GCC_C_LANGUAGE_STANDARD = gnu99;
				GCC_NO_COMMON_BLOCKS = YES;
				GCC_WARN_64_TO_32_BIT_CONVERSION = YES;
				GCC_WARN_ABOUT_RETURN_TYPE = YES_ERROR;
				GCC_WARN_UNDECLARED_SELECTOR = YES;
				GCC_WARN_UNINITIALIZED_AUTOS = YES_AGGRESSIVE;
				GCC_WARN_UNUSED_FUNCTION = YES;
				GCC_WARN_UNUSED_VARIABLE = YES;
				IPHONEOS_DEPLOYMENT_TARGET = 10.2;
				MTL_ENABLE_DEBUG_INFO = NO;
				SDKROOT = iphoneos;
				VALIDATE_PRODUCT = YES;
			};
			name = Release;
		};
		369501B11E8222B600F0962E /* Debug */ = {
			isa = XCBuildConfiguration;
			buildSettings = {
				OTHER_LDFLAGS = "-ObjC";
				PRODUCT_NAME = "$(TARGET_NAME)";
				SKIP_INSTALL = YES;
			};
			name = Debug;
		};
		369501B21E8222B600F0962E /* Release */ = {
			isa = XCBuildConfiguration;
			buildSettings = {
				OTHER_LDFLAGS = "-ObjC";
				PRODUCT_NAME = "$(TARGET_NAME)";
				SKIP_INSTALL = YES;
			};
			name = Release;
		};
/* End XCBuildConfiguration section */

/* Begin XCConfigurationList section */
		369501A21E8222B600F0962E /* Build configuration list for PBXProject "Tools" */ = {
			isa = XCConfigurationList;
			buildConfigurations = (
				369501AE1E8222B600F0962E /* Debug */,
				369501AF1E8222B600F0962E /* Release */,
			);
			defaultConfigurationIsVisible = 0;
			defaultConfigurationName = Release;
		};
		369501B01E8222B600F0962E /* Build configuration list for PBXNativeTarget "Tools" */ = {
			isa = XCConfigurationList;
			buildConfigurations = (
				369501B11E8222B600F0962E /* Debug */,
				369501B21E8222B600F0962E /* Release */,
			);
			defaultConfigurationIsVisible = 0;
			defaultConfigurationName = Release;
		};
/* End XCConfigurationList section */
	};
	rootObject = 3695019F1E8222B600F0962E /* Project object */;
}
